
Microsoft Visual Studio Solution File, Format Version 11.00
# Visual Studio 2010
Project("{FAE04EC0-301F-11D3-BF4B-00C04F79EFBC}") = "CentralDatabase.Service", "CentralDatabase.Service\CentralDatabase.Service.csproj", "{B44BCA25-7524-4CA7-B7B3-51DAA9CA40B7}"
EndProject
Project("{FAE04EC0-301F-11D3-BF4B-00C04F79EFBC}") = "CentralDatabase.Client", "CentralDatabase.Client\CentralDatabase.Client.csproj", "{789C7B60-ADB0-473B-880C-5FBB6DCEABAF}"
	ProjectSection(ProjectDependencies) = postProject
		{B44BCA25-7524-4CA7-B7B3-51DAA9CA40B7} = {B44BCA25-7524-4CA7-B7B3-51DAA9CA40B7}
	EndProjectSection
EndProject
Project("{FAE04EC0-301F-11D3-BF4B-00C04F79EFBC}") = "CQRS.Service", "CQRS.Service\CQRS.Service.csproj", "{05559EF0-2E2A-4CFB-97CB-7EA0515BD631}"
EndProject
Project("{FAE04EC0-301F-11D3-BF4B-00C04F79EFBC}") = "CQRS.Background", "CQRS.Background\CQRS.Background.csproj", "{ADA68DDC-DBC8-472F-9BEC-144EB544BAD5}"
EndProject
Project("{FAE04EC0-301F-11D3-BF4B-00C04F79EFBC}") = "CQRS.Messages", "CQRS.Messages\CQRS.Messages.csproj", "{991AE2D0-6E02-4C3D-8175-630F4FE3BACE}"
EndProject
Project("{FAE04EC0-301F-11D3-BF4B-00C04F79EFBC}") = "CQRS.Client", "CQRS.Client\CQRS.Client.csproj", "{198EEC74-0228-42F3-A5A1-2ED9A4F5345B}"
	ProjectSection(ProjectDependencies) = postProject
		{05559EF0-2E2A-4CFB-97CB-7EA0515BD631} = {05559EF0-2E2A-4CFB-97CB-7EA0515BD631}
	EndProjectSection
EndProject
Project("{FAE04EC0-301F-11D3-BF4B-00C04F79EFBC}") = "EventSourcing.Service", "EventSourcing.Service\EventSourcing.Service.csproj", "{B874823C-655C-4B73-8CE0-39CD56B6EB2E}"
EndProject
Project("{FAE04EC0-301F-11D3-BF4B-00C04F79EFBC}") = "EventSourcing.Background", "EventSourcing.Background\EventSourcing.Background.csproj", "{86614052-566C-4AE8-B3C2-5F965C8A9826}"
EndProject
Project("{FAE04EC0-301F-11D3-BF4B-00C04F79EFBC}") = "EventSourcing.Client", "EventSourcing.Client\EventSourcing.Client.csproj", "{94286AB7-5963-47B2-B683-950E0052021F}"
	ProjectSection(ProjectDependencies) = postProject
		{B874823C-655C-4B73-8CE0-39CD56B6EB2E} = {B874823C-655C-4B73-8CE0-39CD56B6EB2E}
	EndProjectSection
EndProject
Project("{2150E333-8FDC-42A3-9474-1A3956D46DE8}") = "Solution Files", "Solution Files", "{E30C90E9-2420-4D03-8223-F736AEEE56A2}"
	ProjectSection(SolutionItems) = preProject
		Check_CentralDatabase.sql = Check_CentralDatabase.sql
		Check_CQRS.sql = Check_CQRS.sql
		Check_EventSourcing.sql = Check_EventSourcing.sql
		databases.sql = databases.sql
	EndProjectSection
EndProject
Global
	GlobalSection(SolutionConfigurationPlatforms) = preSolution
		Debug|Any CPU = Debug|Any CPU
		Debug|Mixed Platforms = Debug|Mixed Platforms
		Debug|x86 = Debug|x86
		Release|Any CPU = Release|Any CPU
		Release|Mixed Platforms = Release|Mixed Platforms
		Release|x86 = Release|x86
	EndGlobalSection
	GlobalSection(ProjectConfigurationPlatforms) = postSolution
		{B44BCA25-7524-4CA7-B7B3-51DAA9CA40B7}.Debug|Any CPU.ActiveCfg = Debug|Any CPU
		{B44BCA25-7524-4CA7-B7B3-51DAA9CA40B7}.Debug|Any CPU.Build.0 = Debug|Any CPU
		{B44BCA25-7524-4CA7-B7B3-51DAA9CA40B7}.Debug|Mixed Platforms.ActiveCfg = Debug|Any CPU
		{B44BCA25-7524-4CA7-B7B3-51DAA9CA40B7}.Debug|Mixed Platforms.Build.0 = Debug|Any CPU
		{B44BCA25-7524-4CA7-B7B3-51DAA9CA40B7}.Debug|x86.ActiveCfg = Debug|Any CPU
		{B44BCA25-7524-4CA7-B7B3-51DAA9CA40B7}.Release|Any CPU.ActiveCfg = Release|Any CPU
		{B44BCA25-7524-4CA7-B7B3-51DAA9CA40B7}.Release|Any CPU.Build.0 = Release|Any CPU
		{B44BCA25-7524-4CA7-B7B3-51DAA9CA40B7}.Release|Mixed Platforms.ActiveCfg = Release|Any CPU
		{B44BCA25-7524-4CA7-B7B3-51DAA9CA40B7}.Release|Mixed Platforms.Build.0 = Release|Any CPU
		{B44BCA25-7524-4CA7-B7B3-51DAA9CA40B7}.Release|x86.ActiveCfg = Release|Any CPU
		{789C7B60-ADB0-473B-880C-5FBB6DCEABAF}.Debug|Any CPU.ActiveCfg = Debug|x86
		{789C7B60-ADB0-473B-880C-5FBB6DCEABAF}.Debug|Mixed Platforms.ActiveCfg = Debug|x86
		{789C7B60-ADB0-473B-880C-5FBB6DCEABAF}.Debug|Mixed Platforms.Build.0 = Debug|x86
		{789C7B60-ADB0-473B-880C-5FBB6DCEABAF}.Debug|x86.ActiveCfg = Debug|x86
		{789C7B60-ADB0-473B-880C-5FBB6DCEABAF}.Debug|x86.Build.0 = Debug|x86
		{789C7B60-ADB0-473B-880C-5FBB6DCEABAF}.Release|Any CPU.ActiveCfg = Release|x86
		{789C7B60-ADB0-473B-880C-5FBB6DCEABAF}.Release|Mixed Platforms.ActiveCfg = Release|x86
		{789C7B60-ADB0-473B-880C-5FBB6DCEABAF}.Release|Mixed Platforms.Build.0 = Release|x86
		{789C7B60-ADB0-473B-880C-5FBB6DCEABAF}.Release|x86.ActiveCfg = Release|x86
		{789C7B60-ADB0-473B-880C-5FBB6DCEABAF}.Release|x86.Build.0 = Release|x86
		{05559EF0-2E2A-4CFB-97CB-7EA0515BD631}.Debug|Any CPU.ActiveCfg = Debug|Any CPU
		{05559EF0-2E2A-4CFB-97CB-7EA0515BD631}.Debug|Any CPU.Build.0 = Debug|Any CPU
		{05559EF0-2E2A-4CFB-97CB-7EA0515BD631}.Debug|Mixed Platforms.ActiveCfg = Debug|Any CPU
		{05559EF0-2E2A-4CFB-97CB-7EA0515BD631}.Debug|Mixed Platforms.Build.0 = Debug|Any CPU
		{05559EF0-2E2A-4CFB-97CB-7EA0515BD631}.Debug|x86.ActiveCfg = Debug|Any CPU
		{05559EF0-2E2A-4CFB-97CB-7EA0515BD631}.Release|Any CPU.ActiveCfg = Release|Any CPU
		{05559EF0-2E2A-4CFB-97CB-7EA0515BD631}.Release|Any CPU.Build.0 = Release|Any CPU
		{05559EF0-2E2A-4CFB-97CB-7EA0515BD631}.Release|Mixed Platforms.ActiveCfg = Release|Any CPU
		{05559EF0-2E2A-4CFB-97CB-7EA0515BD631}.Release|Mixed Platforms.Build.0 = Release|Any CPU
		{05559EF0-2E2A-4CFB-97CB-7EA0515BD631}.Release|x86.ActiveCfg = Release|Any CPU
		{ADA68DDC-DBC8-472F-9BEC-144EB544BAD5}.Debug|Any CPU.ActiveCfg = Debug|x86
		{ADA68DDC-DBC8-472F-9BEC-144EB544BAD5}.Debug|Mixed Platforms.ActiveCfg = Debug|x86
		{ADA68DDC-DBC8-472F-9BEC-144EB544BAD5}.Debug|Mixed Platforms.Build.0 = Debug|x86
		{ADA68DDC-DBC8-472F-9BEC-144EB544BAD5}.Debug|x86.ActiveCfg = Debug|x86
		{ADA68DDC-DBC8-472F-9BEC-144EB544BAD5}.Debug|x86.Build.0 = Debug|x86
		{ADA68DDC-DBC8-472F-9BEC-144EB544BAD5}.Release|Any CPU.ActiveCfg = Release|x86
		{ADA68DDC-DBC8-472F-9BEC-144EB544BAD5}.Release|Mixed Platforms.ActiveCfg = Release|x86
		{ADA68DDC-DBC8-472F-9BEC-144EB544BAD5}.Release|Mixed Platforms.Build.0 = Release|x86
		{ADA68DDC-DBC8-472F-9BEC-144EB544BAD5}.Release|x86.ActiveCfg = Release|x86
		{ADA68DDC-DBC8-472F-9BEC-144EB544BAD5}.Release|x86.Build.0 = Release|x86
		{991AE2D0-6E02-4C3D-8175-630F4FE3BACE}.Debug|Any CPU.ActiveCfg = Debug|Any CPU
		{991AE2D0-6E02-4C3D-8175-630F4FE3BACE}.Debug|Any CPU.Build.0 = Debug|Any CPU
		{991AE2D0-6E02-4C3D-8175-630F4FE3BACE}.Debug|Mixed Platforms.ActiveCfg = Debug|Any CPU
		{991AE2D0-6E02-4C3D-8175-630F4FE3BACE}.Debug|Mixed Platforms.Build.0 = Debug|Any CPU
		{991AE2D0-6E02-4C3D-8175-630F4FE3BACE}.Debug|x86.ActiveCfg = Debug|Any CPU
		{991AE2D0-6E02-4C3D-8175-630F4FE3BACE}.Release|Any CPU.ActiveCfg = Release|Any CPU
		{991AE2D0-6E02-4C3D-8175-630F4FE3BACE}.Release|Any CPU.Build.0 = Release|Any CPU
		{991AE2D0-6E02-4C3D-8175-630F4FE3BACE}.Release|Mixed Platforms.ActiveCfg = Release|Any CPU
		{991AE2D0-6E02-4C3D-8175-630F4FE3BACE}.Release|Mixed Platforms.Build.0 = Release|Any CPU
		{991AE2D0-6E02-4C3D-8175-630F4FE3BACE}.Release|x86.ActiveCfg = Release|Any CPU
		{198EEC74-0228-42F3-A5A1-2ED9A4F5345B}.Debug|Any CPU.ActiveCfg = Debug|x86
		{198EEC74-0228-42F3-A5A1-2ED9A4F5345B}.Debug|Mixed Platforms.ActiveCfg = Debug|x86
		{198EEC74-0228-42F3-A5A1-2ED9A4F5345B}.Debug|Mixed Platforms.Build.0 = Debug|x86
		{198EEC74-0228-42F3-A5A1-2ED9A4F5345B}.Debug|x86.ActiveCfg = Debug|x86
		{198EEC74-0228-42F3-A5A1-2ED9A4F5345B}.Debug|x86.Build.0 = Debug|x86
		{198EEC74-0228-42F3-A5A1-2ED9A4F5345B}.Release|Any CPU.ActiveCfg = Release|x86
		{198EEC74-0228-42F3-A5A1-2ED9A4F5345B}.Release|Mixed Platforms.ActiveCfg = Release|x86
		{198EEC74-0228-42F3-A5A1-2ED9A4F5345B}.Release|Mixed Platforms.Build.0 = Release|x86
		{198EEC74-0228-42F3-A5A1-2ED9A4F5345B}.Release|x86.ActiveCfg = Release|x86
		{198EEC74-0228-42F3-A5A1-2ED9A4F5345B}.Release|x86.Build.0 = Release|x86
		{B874823C-655C-4B73-8CE0-39CD56B6EB2E}.Debug|Any CPU.ActiveCfg = Debug|Any CPU
		{B874823C-655C-4B73-8CE0-39CD56B6EB2E}.Debug|Any CPU.Build.0 = Debug|Any CPU
		{B874823C-655C-4B73-8CE0-39CD56B6EB2E}.Debug|Mixed Platforms.ActiveCfg = Debug|Any CPU
		{B874823C-655C-4B73-8CE0-39CD56B6EB2E}.Debug|Mixed Platforms.Build.0 = Debug|Any CPU
		{B874823C-655C-4B73-8CE0-39CD56B6EB2E}.Debug|x86.ActiveCfg = Debug|Any CPU
		{B874823C-655C-4B73-8CE0-39CD56B6EB2E}.Release|Any CPU.ActiveCfg = Release|Any CPU
		{B874823C-655C-4B73-8CE0-39CD56B6EB2E}.Release|Any CPU.Build.0 = Release|Any CPU
		{B874823C-655C-4B73-8CE0-39CD56B6EB2E}.Release|Mixed Platforms.ActiveCfg = Release|Any CPU
		{B874823C-655C-4B73-8CE0-39CD56B6EB2E}.Release|Mixed Platforms.Build.0 = Release|Any CPU
		{B874823C-655C-4B73-8CE0-39CD56B6EB2E}.Release|x86.ActiveCfg = Release|Any CPU
		{86614052-566C-4AE8-B3C2-5F965C8A9826}.Debug|Any CPU.ActiveCfg = Debug|x86
		{86614052-566C-4AE8-B3C2-5F965C8A9826}.Debug|Mixed Platforms.ActiveCfg = Debug|x86
		{86614052-566C-4AE8-B3C2-5F965C8A9826}.Debug|Mixed Platforms.Build.0 = Debug|x86
		{86614052-566C-4AE8-B3C2-5F965C8A9826}.Debug|x86.ActiveCfg = Debug|x86
		{86614052-566C-4AE8-B3C2-5F965C8A9826}.Debug|x86.Build.0 = Debug|x86
		{86614052-566C-4AE8-B3C2-5F965C8A9826}.Release|Any CPU.ActiveCfg = Release|x86
		{86614052-566C-4AE8-B3C2-5F965C8A9826}.Release|Mixed Platforms.ActiveCfg = Release|x86
		{86614052-566C-4AE8-B3C2-5F965C8A9826}.Release|Mixed Platforms.Build.0 = Release|x86
		{86614052-566C-4AE8-B3C2-5F965C8A9826}.Release|x86.ActiveCfg = Release|x86
		{86614052-566C-4AE8-B3C2-5F965C8A9826}.Release|x86.Build.0 = Release|x86
		{94286AB7-5963-47B2-B683-950E0052021F}.Debug|Any CPU.ActiveCfg = Debug|x86
		{94286AB7-5963-47B2-B683-950E0052021F}.Debug|Mixed Platforms.ActiveCfg = Debug|x86
		{94286AB7-5963-47B2-B683-950E0052021F}.Debug|Mixed Platforms.Build.0 = Debug|x86
		{94286AB7-5963-47B2-B683-950E0052021F}.Debug|x86.ActiveCfg = Debug|x86
		{94286AB7-5963-47B2-B683-950E0052021F}.Debug|x86.Build.0 = Debug|x86
		{94286AB7-5963-47B2-B683-950E0052021F}.Release|Any CPU.ActiveCfg = Release|x86
		{94286AB7-5963-47B2-B683-950E0052021F}.Release|Mixed Platforms.ActiveCfg = Release|x86
		{94286AB7-5963-47B2-B683-950E0052021F}.Release|Mixed Platforms.Build.0 = Release|x86
		{94286AB7-5963-47B2-B683-950E0052021F}.Release|x86.ActiveCfg = Release|x86
		{94286AB7-5963-47B2-B683-950E0052021F}.Release|x86.Build.0 = Release|x86
	EndGlobalSection
	GlobalSection(SolutionProperties) = preSolution
		HideSolutionNode = FALSE
	EndGlobalSection
EndGlobal
